<?xml version="1.0" encoding="utf-8"?>
<Project ToolsVersion="4.0" xmlns="http://schemas.microsoft.com/developer/msbuild/2003">
  <ItemGroup>
    <Filter Include="源文件">
      <UniqueIdentifier>{4FC737F1-C7A5-4376-A066-2A32D752A2FF}</UniqueIdentifier>
      <Extensions>cpp;c;cc;cxx;c++;cppm;ixx;def;odl;idl;hpj;bat;asm;asmx</Extensions>
    </Filter>
    <Filter Include="头文件">
      <UniqueIdentifier>{93995380-89BD-4b04-88EB-625FBE52EBFB}</UniqueIdentifier>
      <Extensions>h;hh;hpp;hxx;h++;hm;inl;inc;ipp;xsd</Extensions>
    </Filter>
    <Filter Include="资源文件">
      <UniqueIdentifier>{67DA6AB6-F800-4c08-8B7A-83BB121AAD01}</UniqueIdentifier>
      <Extensions>rc;ico;cur;bmp;dlg;rc2;rct;bin;rgs;gif;jpg;jpeg;jpe;resx;tiff;tif;png;wav;mfcribbon-ms</Extensions>
    </Filter>
  </ItemGroup>
  <ItemGroup>
    <ClCompile Include="InformationSecurityExp_DES.cpp">
      <Filter>源文件</Filter>
    </ClCompile>
    <ClCompile Include="FileOpenTest.cpp">
      <Filter>源文件</Filter>
    </ClCompile>
  </ItemGroup>
  <ItemGroup>
    <ClInclude Include="SubKeyGenerator.h">
      <Filter>头文件</Filter>
    </ClInclude>
    <ClInclude Include="ReadData.h">
      <Filter>头文件</Filter>
    </ClInclude>
    <ClInclude Include="Translate2To16.h">
      <Filter>头文件</Filter>
    </ClInclude>
    <ClInclude Include="ThisHead.h">
      <Filter>头文件</Filter>
    </ClInclude>
    <ClInclude Include="DealPlaintext.h">
      <Filter>头文件</Filter>
    </ClInclude>
    <ClInclude Include="SBox.h">
      <Filter>头文件</Filter>
    </ClInclude>
    <ClInclude Include="Show16.h">
      <Filter>头文件</Filter>
    </ClInclude>
  </ItemGroup>
  <ItemGroup>
    <Text Include="file.txt">
      <Filter>资源文件</Filter>
    </Text>
    <Text Include="SourceKey.txt">
      <Filter>资源文件</Filter>
    </Text>
    <Text Include="Plaintext.txt">
      <Filter>资源文件</Filter>
    </Text>
    <Text Include="PlaintextNum2.txt">
      <Filter>资源文件</Filter>
    </Text>
    <Text Include="日志.txt">
      <Filter>资源文件</Filter>
    </Text>
    <Text Include="SourceKeyNum2.txt">
      <Filter>资源文件</Filter>
    </Text>
    <Text Include="PC1.txt">
      <Filter>资源文件</Filter>
    </Text>
    <Text Include="ruleOfPositionChange.txt">
      <Filter>资源文件</Filter>
    </Text>
    <Text Include="PC2.txt">
      <Filter>资源文件</Filter>
    </Text>
    <Text Include="IPChange.txt">
      <Filter>资源文件</Filter>
    </Text>
    <Text Include="EExtension.txt">
      <Filter>资源文件</Filter>
    </Text>
    <Text Include="SBox1.txt">
      <Filter>资源文件</Filter>
    </Text>
    <Text Include="SBox2.txt">
      <Filter>资源文件</Filter>
    </Text>
    <Text Include="SBox3.txt">
      <Filter>资源文件</Filter>
    </Text>
    <Text Include="SBox4.txt">
      <Filter>资源文件</Filter>
    </Text>
    <Text Include="SBox5.txt">
      <Filter>资源文件</Filter>
    </Text>
    <Text Include="SBox6.txt">
      <Filter>资源文件</Filter>
    </Text>
    <Text Include="SBox7.txt">
      <Filter>资源文件</Filter>
    </Text>
    <Text Include="SBox8.txt">
      <Filter>资源文件</Filter>
    </Text>
    <Text Include="PZhiHuan.txt">
      <Filter>资源文件</Filter>
    </Text>
    <Text Include="IPNiZhiHuan.txt">
      <Filter>资源文件</Filter>
    </Text>
  </ItemGroup>
</Project>